
Microsoft Visual Studio Solution File, Format Version 12.00
# Visual Studio Version 16
VisualStudioVersion = 16.0.34114.132
MinimumVisualStudioVersion = 10.0.40219.1
Project("{FAE04EC0-301F-11D3-BF4B-00C04F79EFBC}") = "matura", "matura\matura.csproj", "{71BDEA52-BB25-4523-9128-93862999D526}"
EndProject
Global
	GlobalSection(SolutionConfigurationPlatforms) = preSolution
		Debug|Any CPU = Debug|Any CPU
		Release|Any CPU = Release|Any CPU
	EndGlobalSection
	GlobalSection(ProjectConfigurationPlatforms) = postSolution
		{71BDEA52-BB25-4523-9128-93862999D526}.Debug|Any CPU.ActiveCfg = Debug|Any CPU
		{71BDEA52-BB25-4523-9128-93862999D526}.Debug|Any CPU.Build.0 = Debug|Any CPU
		{71BDEA52-BB25-4523-9128-93862999D526}.Release|Any CPU.ActiveCfg = Release|Any CPU
		{71BDEA52-BB25-4523-9128-93862999D526}.Release|Any CPU.Build.0 = Release|Any CPU
	EndGlobalSection
	GlobalSection(SolutionProperties) = preSolution
		HideSolutionNode = FALSE
	EndGlobalSection
	GlobalSection(ExtensibilityGlobals) = postSolution
		SolutionGuid = {66DBE3AE-011C-4279-8A9E-D4E522DBA963}
	EndGlobalSection
EndGlobal
